
Microsoft Visual Studio Solution File, Format Version 11.00
# Visual Studio 2010
Project("{FAE04EC0-301F-11D3-BF4B-00C04F79EFBC}") = "ML", "ML.csproj", "{1CF95AF0-3CDD-4072-B1F6-059AA154B48C}"
EndProject
Global
	GlobalSection(SolutionConfigurationPlatforms) = preSolution
		Debug|Any CPU = Debug|Any CPU
		Release|Any CPU = Release|Any CPU
	EndGlobalSection
	GlobalSection(ProjectConfigurationPlatforms) = postSolution
		{1CF95AF0-3CDD-4072-B1F6-059AA154B48C}.Debug|Any CPU.ActiveCfg = Debug|Any CPU
		{1CF95AF0-3CDD-4072-B1F6-059AA154B48C}.Debug|Any CPU.Build.0 = Debug|Any CPU
		{1CF95AF0-3CDD-4072-B1F6-059AA154B48C}.Release|Any CPU.ActiveCfg = Release|Any CPU
		{1CF95AF0-3CDD-4072-B1F6-059AA154B48C}.Release|Any CPU.Build.0 = Release|Any CPU
	EndGlobalSection
	GlobalSection(MonoDevelopProperties) = preSolution
		StartupItem = ML.csproj
	EndGlobalSection
EndGlobal
