
Microsoft Visual Studio Solution File, Format Version 12.00
# Visual Studio 2013
VisualStudioVersion = 12.0.31101.0
MinimumVisualStudioVersion = 10.0.40219.1
Project("{FAE04EC0-301F-11D3-BF4B-00C04F79EFBC}") = "HAB", "HAB\HAB.csproj", "{2CDD4836-1AC7-47C8-B878-5AF7EA721B2B}"
EndProject
Project("{FAE04EC0-301F-11D3-BF4B-00C04F79EFBC}") = "Designer", "Designer\Designer.csproj", "{AAF10B91-98FA-46C0-BB4A-E4018001D3EE}"
EndProject
Project("{FAE04EC0-301F-11D3-BF4B-00C04F79EFBC}") = "Sensory Interfaces", "Lobes\Sensory Interfaces.csproj", "{941A6023-577E-498D-83F0-D0DDE573F8D3}"
EndProject
Project("{FAE04EC0-301F-11D3-BF4B-00C04F79EFBC}") = "WordNetSin", "WordNetSin\WordNetSin.csproj", "{B88AABCC-F255-4518-9E82-E51FF64C8E0D}"
EndProject
Project("{FAE04EC0-301F-11D3-BF4B-00C04F79EFBC}") = "FrameNetProvider", "FrameNetSin\FrameNetProvider.csproj", "{F75AC765-2774-40F6-AA6B-EA538BD68055}"
EndProject
Project("{FAE04EC0-301F-11D3-BF4B-00C04F79EFBC}") = "VerbNetProvider", "VerbNetProvider\VerbNetProvider.csproj", "{D4BA0CF2-728B-4E7B-90AC-2D6A1124C93A}"
EndProject
Project("{FAE04EC0-301F-11D3-BF4B-00C04F79EFBC}") = "Characters", "Characters\Characters.csproj", "{27E6A73D-BA6B-4DF5-B93A-010D6FD83157}"
EndProject
Project("{FAE04EC0-301F-11D3-BF4B-00C04F79EFBC}") = "Tokenizer", "Tokenizer\Tokenizer.csproj", "{47E9938B-7C5D-48DD-A896-CBB4EF9CE913}"
EndProject
Project("{FAE04EC0-301F-11D3-BF4B-00C04F79EFBC}") = "CharacterEngine", "CharacterEngine\CharacterEngine.csproj", "{C944651B-300A-41A2-B76D-DF305E0E2937}"
EndProject
Project("{FAE04EC0-301F-11D3-BF4B-00C04F79EFBC}") = "CmdShell", "CmdShell\CmdShell.csproj", "{8FA7FD26-5535-4573-A273-258678C83DBC}"
EndProject
Project("{FAE04EC0-301F-11D3-BF4B-00C04F79EFBC}") = "HAB.MonoDroid", "HAB.MonoDroid\HAB.MonoDroid.csproj", "{AC38E9EF-4230-400F-BC67-724EDBB37C82}"
EndProject
Project("{FAE04EC0-301F-11D3-BF4B-00C04F79EFBC}") = "Tokenizer.MonoDroid", "Tokenizer.MonoDroid\Tokenizer.MonoDroid.csproj", "{3F248E7F-B0F1-4DC6-AE02-9DDD108FCE82}"
EndProject
Project("{FAE04EC0-301F-11D3-BF4B-00C04F79EFBC}") = "SensoryInterfaces.MonoDroid", "Lobes\SensoryInterfaces.MonoDroid\SensoryInterfaces.MonoDroid.csproj", "{1B2D3E17-970C-422B-B1F6-900E7B67446E}"
EndProject
Project("{FAE04EC0-301F-11D3-BF4B-00C04F79EFBC}") = "Parser", "NNLFrontEnd\Parser.csproj", "{C0BDE6FB-9270-42B9-AD14-6CC3C915D089}"
EndProject
Project("{FAE04EC0-301F-11D3-BF4B-00C04F79EFBC}") = "CustomConduitSupport", "CustomImportSupport\CustomConduitSupport.csproj", "{3D466A01-0201-4158-95BA-7C51D2C3A8DC}"
EndProject
Project("{FAE04EC0-301F-11D3-BF4B-00C04F79EFBC}") = "QuerySupport", "QuerySupport\QuerySupport.csproj", "{0C610E2C-ECC2-4551-AC99-10192F08B85A}"
EndProject
Project("{F088123C-0E9E-452A-89E6-6BA2F21D5CAC}") = "ModelingProject1", "ModelingProject1\ModelingProject1.modelproj", "{3D0BBA78-D761-4BEE-AF0D-3EF9CA415D0D}"
EndProject
Project("{FAE04EC0-301F-11D3-BF4B-00C04F79EFBC}") = "ML", "ML\ML.csproj", "{1CF95AF0-3CDD-4072-B1F6-059AA154B48C}"
EndProject
Project("{FAE04EC0-301F-11D3-BF4B-00C04F79EFBC}") = "MLTest", "MLTest\MLTest.csproj", "{92FC1240-72C9-4C1F-9805-BC8A5A233FD3}"
EndProject
Project("{2150E333-8FDC-42A3-9474-1A3956D46DE8}") = "android", "android", "{7240B8D4-1B96-45C5-A8D3-990FA6A16828}"
EndProject
Project("{2150E333-8FDC-42A3-9474-1A3956D46DE8}") = "test", "test", "{2EA0FEC2-E2AB-4095-ACB5-2F0AAB156905}"
EndProject
Project("{FAE04EC0-301F-11D3-BF4B-00C04F79EFBC}") = "Indexing", "Indexing\Indexing.csproj", "{EDC7FEAC-169D-4511-84BB-21CB3EEB24B6}"
EndProject
Project("{FAE04EC0-301F-11D3-BF4B-00C04F79EFBC}") = "IndexingTest", "IndexingTest\IndexingTest.csproj", "{EAE0D6EA-366D-45EA-9650-EA3943F345C7}"
EndProject
Project("{FAE04EC0-301F-11D3-BF4B-00C04F79EFBC}") = "BrainTest", "BrainTest\BrainTest.csproj", "{E1E1AF42-6899-422D-9201-32BEB3C377AE}"
EndProject
Global
	GlobalSection(SolutionConfigurationPlatforms) = preSolution
		Debug PRO|Any CPU = Debug PRO|Any CPU
		Debug PRO|ARM = Debug PRO|ARM
		Debug PRO|x64 = Debug PRO|x64
		Debug PRO|x86 = Debug PRO|x86
		Debug|Any CPU = Debug|Any CPU
		Debug|ARM = Debug|ARM
		Debug|x64 = Debug|x64
		Debug|x86 = Debug|x86
		Release PRO|Any CPU = Release PRO|Any CPU
		Release PRO|ARM = Release PRO|ARM
		Release PRO|x64 = Release PRO|x64
		Release PRO|x86 = Release PRO|x86
		Release|Any CPU = Release|Any CPU
		Release|ARM = Release|ARM
		Release|x64 = Release|x64
		Release|x86 = Release|x86
	EndGlobalSection
	GlobalSection(ProjectConfigurationPlatforms) = postSolution
		{2CDD4836-1AC7-47C8-B878-5AF7EA721B2B}.Debug PRO|Any CPU.ActiveCfg = Debug PRO|Any CPU
		{2CDD4836-1AC7-47C8-B878-5AF7EA721B2B}.Debug PRO|Any CPU.Build.0 = Debug PRO|Any CPU
		{2CDD4836-1AC7-47C8-B878-5AF7EA721B2B}.Debug PRO|ARM.ActiveCfg = Debug PRO|Any CPU
		{2CDD4836-1AC7-47C8-B878-5AF7EA721B2B}.Debug PRO|x64.ActiveCfg = Debug PRO|Any CPU
		{2CDD4836-1AC7-47C8-B878-5AF7EA721B2B}.Debug PRO|x86.ActiveCfg = Debug PRO|Any CPU
		{2CDD4836-1AC7-47C8-B878-5AF7EA721B2B}.Debug|Any CPU.ActiveCfg = Debug|Any CPU
		{2CDD4836-1AC7-47C8-B878-5AF7EA721B2B}.Debug|Any CPU.Build.0 = Debug|Any CPU
		{2CDD4836-1AC7-47C8-B878-5AF7EA721B2B}.Debug|ARM.ActiveCfg = Debug|Any CPU
		{2CDD4836-1AC7-47C8-B878-5AF7EA721B2B}.Debug|x64.ActiveCfg = Debug|Any CPU
		{2CDD4836-1AC7-47C8-B878-5AF7EA721B2B}.Debug|x86.ActiveCfg = Debug|Any CPU
		{2CDD4836-1AC7-47C8-B878-5AF7EA721B2B}.Release PRO|Any CPU.ActiveCfg = Release PRO|Any CPU
		{2CDD4836-1AC7-47C8-B878-5AF7EA721B2B}.Release PRO|Any CPU.Build.0 = Release PRO|Any CPU
		{2CDD4836-1AC7-47C8-B878-5AF7EA721B2B}.Release PRO|ARM.ActiveCfg = Release PRO|Any CPU
		{2CDD4836-1AC7-47C8-B878-5AF7EA721B2B}.Release PRO|x64.ActiveCfg = Release PRO|Any CPU
		{2CDD4836-1AC7-47C8-B878-5AF7EA721B2B}.Release PRO|x86.ActiveCfg = Release PRO|Any CPU
		{2CDD4836-1AC7-47C8-B878-5AF7EA721B2B}.Release|Any CPU.ActiveCfg = Release|Any CPU
		{2CDD4836-1AC7-47C8-B878-5AF7EA721B2B}.Release|Any CPU.Build.0 = Release|Any CPU
		{2CDD4836-1AC7-47C8-B878-5AF7EA721B2B}.Release|ARM.ActiveCfg = Release|Any CPU
		{2CDD4836-1AC7-47C8-B878-5AF7EA721B2B}.Release|x64.ActiveCfg = Release|Any CPU
		{2CDD4836-1AC7-47C8-B878-5AF7EA721B2B}.Release|x86.ActiveCfg = Release|Any CPU
		{AAF10B91-98FA-46C0-BB4A-E4018001D3EE}.Debug PRO|Any CPU.ActiveCfg = Debug PRO|Any CPU
		{AAF10B91-98FA-46C0-BB4A-E4018001D3EE}.Debug PRO|Any CPU.Build.0 = Debug PRO|Any CPU
		{AAF10B91-98FA-46C0-BB4A-E4018001D3EE}.Debug PRO|ARM.ActiveCfg = Debug PRO|Any CPU
		{AAF10B91-98FA-46C0-BB4A-E4018001D3EE}.Debug PRO|x64.ActiveCfg = Debug PRO|Any CPU
		{AAF10B91-98FA-46C0-BB4A-E4018001D3EE}.Debug PRO|x86.ActiveCfg = Debug PRO|Any CPU
		{AAF10B91-98FA-46C0-BB4A-E4018001D3EE}.Debug|Any CPU.ActiveCfg = Debug|Any CPU
		{AAF10B91-98FA-46C0-BB4A-E4018001D3EE}.Debug|Any CPU.Build.0 = Debug|Any CPU
		{AAF10B91-98FA-46C0-BB4A-E4018001D3EE}.Debug|ARM.ActiveCfg = Debug|Any CPU
		{AAF10B91-98FA-46C0-BB4A-E4018001D3EE}.Debug|x64.ActiveCfg = Debug|Any CPU
		{AAF10B91-98FA-46C0-BB4A-E4018001D3EE}.Debug|x86.ActiveCfg = Debug|Any CPU
		{AAF10B91-98FA-46C0-BB4A-E4018001D3EE}.Release PRO|Any CPU.ActiveCfg = Release PRO|Any CPU
		{AAF10B91-98FA-46C0-BB4A-E4018001D3EE}.Release PRO|Any CPU.Build.0 = Release PRO|Any CPU
		{AAF10B91-98FA-46C0-BB4A-E4018001D3EE}.Release PRO|ARM.ActiveCfg = Release PRO|Any CPU
		{AAF10B91-98FA-46C0-BB4A-E4018001D3EE}.Release PRO|x64.ActiveCfg = Release PRO|Any CPU
		{AAF10B91-98FA-46C0-BB4A-E4018001D3EE}.Release PRO|x86.ActiveCfg = Release PRO|Any CPU
		{AAF10B91-98FA-46C0-BB4A-E4018001D3EE}.Release|Any CPU.ActiveCfg = Release|Any CPU
		{AAF10B91-98FA-46C0-BB4A-E4018001D3EE}.Release|Any CPU.Build.0 = Release|Any CPU
		{AAF10B91-98FA-46C0-BB4A-E4018001D3EE}.Release|ARM.ActiveCfg = Release|Any CPU
		{AAF10B91-98FA-46C0-BB4A-E4018001D3EE}.Release|x64.ActiveCfg = Release|Any CPU
		{AAF10B91-98FA-46C0-BB4A-E4018001D3EE}.Release|x86.ActiveCfg = Release|Any CPU
		{941A6023-577E-498D-83F0-D0DDE573F8D3}.Debug PRO|Any CPU.ActiveCfg = Debug PRO|Any CPU
		{941A6023-577E-498D-83F0-D0DDE573F8D3}.Debug PRO|Any CPU.Build.0 = Debug PRO|Any CPU
		{941A6023-577E-498D-83F0-D0DDE573F8D3}.Debug PRO|ARM.ActiveCfg = Debug PRO|Any CPU
		{941A6023-577E-498D-83F0-D0DDE573F8D3}.Debug PRO|x64.ActiveCfg = Debug PRO|Any CPU
		{941A6023-577E-498D-83F0-D0DDE573F8D3}.Debug PRO|x86.ActiveCfg = Debug PRO|Any CPU
		{941A6023-577E-498D-83F0-D0DDE573F8D3}.Debug|Any CPU.ActiveCfg = Debug|Any CPU
		{941A6023-577E-498D-83F0-D0DDE573F8D3}.Debug|Any CPU.Build.0 = Debug|Any CPU
		{941A6023-577E-498D-83F0-D0DDE573F8D3}.Debug|ARM.ActiveCfg = Debug|Any CPU
		{941A6023-577E-498D-83F0-D0DDE573F8D3}.Debug|x64.ActiveCfg = Debug|Any CPU
		{941A6023-577E-498D-83F0-D0DDE573F8D3}.Debug|x86.ActiveCfg = Debug|Any CPU
		{941A6023-577E-498D-83F0-D0DDE573F8D3}.Release PRO|Any CPU.ActiveCfg = Release PRO|Any CPU
		{941A6023-577E-498D-83F0-D0DDE573F8D3}.Release PRO|Any CPU.Build.0 = Release PRO|Any CPU
		{941A6023-577E-498D-83F0-D0DDE573F8D3}.Release PRO|ARM.ActiveCfg = Release PRO|Any CPU
		{941A6023-577E-498D-83F0-D0DDE573F8D3}.Release PRO|x64.ActiveCfg = Release PRO|Any CPU
		{941A6023-577E-498D-83F0-D0DDE573F8D3}.Release PRO|x86.ActiveCfg = Release PRO|Any CPU
		{941A6023-577E-498D-83F0-D0DDE573F8D3}.Release|Any CPU.ActiveCfg = Release|Any CPU
		{941A6023-577E-498D-83F0-D0DDE573F8D3}.Release|Any CPU.Build.0 = Release|Any CPU
		{941A6023-577E-498D-83F0-D0DDE573F8D3}.Release|ARM.ActiveCfg = Release|Any CPU
		{941A6023-577E-498D-83F0-D0DDE573F8D3}.Release|x64.ActiveCfg = Release|Any CPU
		{941A6023-577E-498D-83F0-D0DDE573F8D3}.Release|x86.ActiveCfg = Release|Any CPU
		{B88AABCC-F255-4518-9E82-E51FF64C8E0D}.Debug PRO|Any CPU.ActiveCfg = Debug PRO|Any CPU
		{B88AABCC-F255-4518-9E82-E51FF64C8E0D}.Debug PRO|Any CPU.Build.0 = Debug PRO|Any CPU
		{B88AABCC-F255-4518-9E82-E51FF64C8E0D}.Debug PRO|ARM.ActiveCfg = Debug PRO|Any CPU
		{B88AABCC-F255-4518-9E82-E51FF64C8E0D}.Debug PRO|x64.ActiveCfg = Debug PRO|Any CPU
		{B88AABCC-F255-4518-9E82-E51FF64C8E0D}.Debug PRO|x86.ActiveCfg = Debug PRO|Any CPU
		{B88AABCC-F255-4518-9E82-E51FF64C8E0D}.Debug|Any CPU.ActiveCfg = Debug|Any CPU
		{B88AABCC-F255-4518-9E82-E51FF64C8E0D}.Debug|Any CPU.Build.0 = Debug|Any CPU
		{B88AABCC-F255-4518-9E82-E51FF64C8E0D}.Debug|ARM.ActiveCfg = Debug|Any CPU
		{B88AABCC-F255-4518-9E82-E51FF64C8E0D}.Debug|x64.ActiveCfg = Debug|Any CPU
		{B88AABCC-F255-4518-9E82-E51FF64C8E0D}.Debug|x86.ActiveCfg = Debug|Any CPU
		{B88AABCC-F255-4518-9E82-E51FF64C8E0D}.Release PRO|Any CPU.ActiveCfg = Release PRO|Any CPU
		{B88AABCC-F255-4518-9E82-E51FF64C8E0D}.Release PRO|Any CPU.Build.0 = Release PRO|Any CPU
		{B88AABCC-F255-4518-9E82-E51FF64C8E0D}.Release PRO|ARM.ActiveCfg = Release PRO|Any CPU
		{B88AABCC-F255-4518-9E82-E51FF64C8E0D}.Release PRO|x64.ActiveCfg = Release PRO|Any CPU
		{B88AABCC-F255-4518-9E82-E51FF64C8E0D}.Release PRO|x86.ActiveCfg = Release PRO|Any CPU
		{B88AABCC-F255-4518-9E82-E51FF64C8E0D}.Release|Any CPU.ActiveCfg = Release|Any CPU
		{B88AABCC-F255-4518-9E82-E51FF64C8E0D}.Release|Any CPU.Build.0 = Release|Any CPU
		{B88AABCC-F255-4518-9E82-E51FF64C8E0D}.Release|ARM.ActiveCfg = Release|Any CPU
		{B88AABCC-F255-4518-9E82-E51FF64C8E0D}.Release|x64.ActiveCfg = Release|Any CPU
		{B88AABCC-F255-4518-9E82-E51FF64C8E0D}.Release|x86.ActiveCfg = Release|Any CPU
		{F75AC765-2774-40F6-AA6B-EA538BD68055}.Debug PRO|Any CPU.ActiveCfg = Debug PRO|Any CPU
		{F75AC765-2774-40F6-AA6B-EA538BD68055}.Debug PRO|Any CPU.Build.0 = Debug PRO|Any CPU
		{F75AC765-2774-40F6-AA6B-EA538BD68055}.Debug PRO|ARM.ActiveCfg = Debug PRO|Any CPU
		{F75AC765-2774-40F6-AA6B-EA538BD68055}.Debug PRO|x64.ActiveCfg = Debug PRO|Any CPU
		{F75AC765-2774-40F6-AA6B-EA538BD68055}.Debug PRO|x86.ActiveCfg = Debug PRO|Any CPU
		{F75AC765-2774-40F6-AA6B-EA538BD68055}.Debug|Any CPU.ActiveCfg = Debug|Any CPU
		{F75AC765-2774-40F6-AA6B-EA538BD68055}.Debug|Any CPU.Build.0 = Debug|Any CPU
		{F75AC765-2774-40F6-AA6B-EA538BD68055}.Debug|ARM.ActiveCfg = Debug|Any CPU
		{F75AC765-2774-40F6-AA6B-EA538BD68055}.Debug|x64.ActiveCfg = Debug|Any CPU
		{F75AC765-2774-40F6-AA6B-EA538BD68055}.Debug|x86.ActiveCfg = Debug|Any CPU
		{F75AC765-2774-40F6-AA6B-EA538BD68055}.Release PRO|Any CPU.ActiveCfg = Release PRO|Any CPU
		{F75AC765-2774-40F6-AA6B-EA538BD68055}.Release PRO|Any CPU.Build.0 = Release PRO|Any CPU
		{F75AC765-2774-40F6-AA6B-EA538BD68055}.Release PRO|ARM.ActiveCfg = Release PRO|Any CPU
		{F75AC765-2774-40F6-AA6B-EA538BD68055}.Release PRO|x64.ActiveCfg = Release PRO|Any CPU
		{F75AC765-2774-40F6-AA6B-EA538BD68055}.Release PRO|x86.ActiveCfg = Release PRO|Any CPU
		{F75AC765-2774-40F6-AA6B-EA538BD68055}.Release|Any CPU.ActiveCfg = Release|Any CPU
		{F75AC765-2774-40F6-AA6B-EA538BD68055}.Release|Any CPU.Build.0 = Release|Any CPU
		{F75AC765-2774-40F6-AA6B-EA538BD68055}.Release|ARM.ActiveCfg = Release|Any CPU
		{F75AC765-2774-40F6-AA6B-EA538BD68055}.Release|x64.ActiveCfg = Release|Any CPU
		{F75AC765-2774-40F6-AA6B-EA538BD68055}.Release|x86.ActiveCfg = Release|Any CPU
		{D4BA0CF2-728B-4E7B-90AC-2D6A1124C93A}.Debug PRO|Any CPU.ActiveCfg = Debug PRO|Any CPU
		{D4BA0CF2-728B-4E7B-90AC-2D6A1124C93A}.Debug PRO|Any CPU.Build.0 = Debug PRO|Any CPU
		{D4BA0CF2-728B-4E7B-90AC-2D6A1124C93A}.Debug PRO|ARM.ActiveCfg = Debug PRO|Any CPU
		{D4BA0CF2-728B-4E7B-90AC-2D6A1124C93A}.Debug PRO|x64.ActiveCfg = Debug PRO|Any CPU
		{D4BA0CF2-728B-4E7B-90AC-2D6A1124C93A}.Debug PRO|x86.ActiveCfg = Debug PRO|Any CPU
		{D4BA0CF2-728B-4E7B-90AC-2D6A1124C93A}.Debug|Any CPU.ActiveCfg = Debug|Any CPU
		{D4BA0CF2-728B-4E7B-90AC-2D6A1124C93A}.Debug|Any CPU.Build.0 = Debug|Any CPU
		{D4BA0CF2-728B-4E7B-90AC-2D6A1124C93A}.Debug|ARM.ActiveCfg = Debug|Any CPU
		{D4BA0CF2-728B-4E7B-90AC-2D6A1124C93A}.Debug|x64.ActiveCfg = Debug|Any CPU
		{D4BA0CF2-728B-4E7B-90AC-2D6A1124C93A}.Debug|x86.ActiveCfg = Debug|Any CPU
		{D4BA0CF2-728B-4E7B-90AC-2D6A1124C93A}.Release PRO|Any CPU.ActiveCfg = Release PRO|Any CPU
		{D4BA0CF2-728B-4E7B-90AC-2D6A1124C93A}.Release PRO|Any CPU.Build.0 = Release PRO|Any CPU
		{D4BA0CF2-728B-4E7B-90AC-2D6A1124C93A}.Release PRO|ARM.ActiveCfg = Release PRO|Any CPU
		{D4BA0CF2-728B-4E7B-90AC-2D6A1124C93A}.Release PRO|x64.ActiveCfg = Release PRO|Any CPU
		{D4BA0CF2-728B-4E7B-90AC-2D6A1124C93A}.Release PRO|x86.ActiveCfg = Release PRO|Any CPU
		{D4BA0CF2-728B-4E7B-90AC-2D6A1124C93A}.Release|Any CPU.ActiveCfg = Release|Any CPU
		{D4BA0CF2-728B-4E7B-90AC-2D6A1124C93A}.Release|Any CPU.Build.0 = Release|Any CPU
		{D4BA0CF2-728B-4E7B-90AC-2D6A1124C93A}.Release|ARM.ActiveCfg = Release|Any CPU
		{D4BA0CF2-728B-4E7B-90AC-2D6A1124C93A}.Release|x64.ActiveCfg = Release|Any CPU
		{D4BA0CF2-728B-4E7B-90AC-2D6A1124C93A}.Release|x86.ActiveCfg = Release|Any CPU
		{27E6A73D-BA6B-4DF5-B93A-010D6FD83157}.Debug PRO|Any CPU.ActiveCfg = Debug|Any CPU
		{27E6A73D-BA6B-4DF5-B93A-010D6FD83157}.Debug PRO|Any CPU.Build.0 = Debug|Any CPU
		{27E6A73D-BA6B-4DF5-B93A-010D6FD83157}.Debug PRO|ARM.ActiveCfg = Debug|Any CPU
		{27E6A73D-BA6B-4DF5-B93A-010D6FD83157}.Debug PRO|x64.ActiveCfg = Debug|Any CPU
		{27E6A73D-BA6B-4DF5-B93A-010D6FD83157}.Debug PRO|x86.ActiveCfg = Debug|Any CPU
		{27E6A73D-BA6B-4DF5-B93A-010D6FD83157}.Debug|Any CPU.ActiveCfg = Debug|Any CPU
		{27E6A73D-BA6B-4DF5-B93A-010D6FD83157}.Debug|Any CPU.Build.0 = Debug|Any CPU
		{27E6A73D-BA6B-4DF5-B93A-010D6FD83157}.Debug|ARM.ActiveCfg = Debug|Any CPU
		{27E6A73D-BA6B-4DF5-B93A-010D6FD83157}.Debug|x64.ActiveCfg = Debug|Any CPU
		{27E6A73D-BA6B-4DF5-B93A-010D6FD83157}.Debug|x86.ActiveCfg = Debug|Any CPU
		{27E6A73D-BA6B-4DF5-B93A-010D6FD83157}.Release PRO|Any CPU.ActiveCfg = Release|Any CPU
		{27E6A73D-BA6B-4DF5-B93A-010D6FD83157}.Release PRO|Any CPU.Build.0 = Release|Any CPU
		{27E6A73D-BA6B-4DF5-B93A-010D6FD83157}.Release PRO|ARM.ActiveCfg = Release Basic 32|Any CPU
		{27E6A73D-BA6B-4DF5-B93A-010D6FD83157}.Release PRO|x64.ActiveCfg = Release Basic 32|Any CPU
		{27E6A73D-BA6B-4DF5-B93A-010D6FD83157}.Release PRO|x86.ActiveCfg = Release Basic 32|Any CPU
		{27E6A73D-BA6B-4DF5-B93A-010D6FD83157}.Release|Any CPU.ActiveCfg = Release|Any CPU
		{27E6A73D-BA6B-4DF5-B93A-010D6FD83157}.Release|Any CPU.Build.0 = Release|Any CPU
		{27E6A73D-BA6B-4DF5-B93A-010D6FD83157}.Release|ARM.ActiveCfg = Release|Any CPU
		{27E6A73D-BA6B-4DF5-B93A-010D6FD83157}.Release|x64.ActiveCfg = Release|Any CPU
		{27E6A73D-BA6B-4DF5-B93A-010D6FD83157}.Release|x86.ActiveCfg = Release|Any CPU
		{47E9938B-7C5D-48DD-A896-CBB4EF9CE913}.Debug PRO|Any CPU.ActiveCfg = Debug|Any CPU
		{47E9938B-7C5D-48DD-A896-CBB4EF9CE913}.Debug PRO|Any CPU.Build.0 = Debug|Any CPU
		{47E9938B-7C5D-48DD-A896-CBB4EF9CE913}.Debug PRO|ARM.ActiveCfg = Debug|Any CPU
		{47E9938B-7C5D-48DD-A896-CBB4EF9CE913}.Debug PRO|x64.ActiveCfg = Debug|Any CPU
		{47E9938B-7C5D-48DD-A896-CBB4EF9CE913}.Debug PRO|x86.ActiveCfg = Debug|Any CPU
		{47E9938B-7C5D-48DD-A896-CBB4EF9CE913}.Debug|Any CPU.ActiveCfg = Debug|Any CPU
		{47E9938B-7C5D-48DD-A896-CBB4EF9CE913}.Debug|Any CPU.Build.0 = Debug|Any CPU
		{47E9938B-7C5D-48DD-A896-CBB4EF9CE913}.Debug|ARM.ActiveCfg = Debug|Any CPU
		{47E9938B-7C5D-48DD-A896-CBB4EF9CE913}.Debug|x64.ActiveCfg = Debug|Any CPU
		{47E9938B-7C5D-48DD-A896-CBB4EF9CE913}.Debug|x86.ActiveCfg = Debug|Any CPU
		{47E9938B-7C5D-48DD-A896-CBB4EF9CE913}.Release PRO|Any CPU.ActiveCfg = Release|Any CPU
		{47E9938B-7C5D-48DD-A896-CBB4EF9CE913}.Release PRO|Any CPU.Build.0 = Release|Any CPU
		{47E9938B-7C5D-48DD-A896-CBB4EF9CE913}.Release PRO|ARM.ActiveCfg = Release|Any CPU
		{47E9938B-7C5D-48DD-A896-CBB4EF9CE913}.Release PRO|x64.ActiveCfg = Release|Any CPU
		{47E9938B-7C5D-48DD-A896-CBB4EF9CE913}.Release PRO|x86.ActiveCfg = Release|Any CPU
		{47E9938B-7C5D-48DD-A896-CBB4EF9CE913}.Release|Any CPU.ActiveCfg = Release|Any CPU
		{47E9938B-7C5D-48DD-A896-CBB4EF9CE913}.Release|Any CPU.Build.0 = Release|Any CPU
		{47E9938B-7C5D-48DD-A896-CBB4EF9CE913}.Release|ARM.ActiveCfg = Release|Any CPU
		{47E9938B-7C5D-48DD-A896-CBB4EF9CE913}.Release|x64.ActiveCfg = Release|Any CPU
		{47E9938B-7C5D-48DD-A896-CBB4EF9CE913}.Release|x86.ActiveCfg = Release|Any CPU
		{C944651B-300A-41A2-B76D-DF305E0E2937}.Debug PRO|Any CPU.ActiveCfg = Debug|Any CPU
		{C944651B-300A-41A2-B76D-DF305E0E2937}.Debug PRO|Any CPU.Build.0 = Debug|Any CPU
		{C944651B-300A-41A2-B76D-DF305E0E2937}.Debug PRO|ARM.ActiveCfg = Debug|Any CPU
		{C944651B-300A-41A2-B76D-DF305E0E2937}.Debug PRO|x64.ActiveCfg = Debug|Any CPU
		{C944651B-300A-41A2-B76D-DF305E0E2937}.Debug PRO|x86.ActiveCfg = Debug|Any CPU
		{C944651B-300A-41A2-B76D-DF305E0E2937}.Debug|Any CPU.ActiveCfg = Debug|Any CPU
		{C944651B-300A-41A2-B76D-DF305E0E2937}.Debug|Any CPU.Build.0 = Debug|Any CPU
		{C944651B-300A-41A2-B76D-DF305E0E2937}.Debug|ARM.ActiveCfg = Debug|Any CPU
		{C944651B-300A-41A2-B76D-DF305E0E2937}.Debug|x64.ActiveCfg = Debug|Any CPU
		{C944651B-300A-41A2-B76D-DF305E0E2937}.Debug|x86.ActiveCfg = Debug|Any CPU
		{C944651B-300A-41A2-B76D-DF305E0E2937}.Release PRO|Any CPU.ActiveCfg = Release|Any CPU
		{C944651B-300A-41A2-B76D-DF305E0E2937}.Release PRO|Any CPU.Build.0 = Release|Any CPU
		{C944651B-300A-41A2-B76D-DF305E0E2937}.Release PRO|ARM.ActiveCfg = Release|Any CPU
		{C944651B-300A-41A2-B76D-DF305E0E2937}.Release PRO|x64.ActiveCfg = Release|Any CPU
		{C944651B-300A-41A2-B76D-DF305E0E2937}.Release PRO|x86.ActiveCfg = Release|Any CPU
		{C944651B-300A-41A2-B76D-DF305E0E2937}.Release|Any CPU.ActiveCfg = Release|Any CPU
		{C944651B-300A-41A2-B76D-DF305E0E2937}.Release|Any CPU.Build.0 = Release|Any CPU
		{C944651B-300A-41A2-B76D-DF305E0E2937}.Release|ARM.ActiveCfg = Release|Any CPU
		{C944651B-300A-41A2-B76D-DF305E0E2937}.Release|x64.ActiveCfg = Release|Any CPU
		{C944651B-300A-41A2-B76D-DF305E0E2937}.Release|x86.ActiveCfg = Release|Any CPU
		{8FA7FD26-5535-4573-A273-258678C83DBC}.Debug PRO|Any CPU.ActiveCfg = Debug|Any CPU
		{8FA7FD26-5535-4573-A273-258678C83DBC}.Debug PRO|Any CPU.Build.0 = Debug|Any CPU
		{8FA7FD26-5535-4573-A273-258678C83DBC}.Debug PRO|ARM.ActiveCfg = Debug|Any CPU
		{8FA7FD26-5535-4573-A273-258678C83DBC}.Debug PRO|x64.ActiveCfg = Debug|Any CPU
		{8FA7FD26-5535-4573-A273-258678C83DBC}.Debug PRO|x86.ActiveCfg = Debug|Any CPU
		{8FA7FD26-5535-4573-A273-258678C83DBC}.Debug|Any CPU.ActiveCfg = Debug|Any CPU
		{8FA7FD26-5535-4573-A273-258678C83DBC}.Debug|Any CPU.Build.0 = Debug|Any CPU
		{8FA7FD26-5535-4573-A273-258678C83DBC}.Debug|ARM.ActiveCfg = Debug|Any CPU
		{8FA7FD26-5535-4573-A273-258678C83DBC}.Debug|x64.ActiveCfg = Debug|Any CPU
		{8FA7FD26-5535-4573-A273-258678C83DBC}.Debug|x86.ActiveCfg = Debug|Any CPU
		{8FA7FD26-5535-4573-A273-258678C83DBC}.Release PRO|Any CPU.ActiveCfg = Release|Any CPU
		{8FA7FD26-5535-4573-A273-258678C83DBC}.Release PRO|Any CPU.Build.0 = Release|Any CPU
		{8FA7FD26-5535-4573-A273-258678C83DBC}.Release PRO|ARM.ActiveCfg = Release|Any CPU
		{8FA7FD26-5535-4573-A273-258678C83DBC}.Release PRO|x64.ActiveCfg = Release|Any CPU
		{8FA7FD26-5535-4573-A273-258678C83DBC}.Release PRO|x86.ActiveCfg = Release|Any CPU
		{8FA7FD26-5535-4573-A273-258678C83DBC}.Release|Any CPU.ActiveCfg = Release|Any CPU
		{8FA7FD26-5535-4573-A273-258678C83DBC}.Release|Any CPU.Build.0 = Release|Any CPU
		{8FA7FD26-5535-4573-A273-258678C83DBC}.Release|ARM.ActiveCfg = Release|Any CPU
		{8FA7FD26-5535-4573-A273-258678C83DBC}.Release|x64.ActiveCfg = Release|Any CPU
		{8FA7FD26-5535-4573-A273-258678C83DBC}.Release|x86.ActiveCfg = Release|Any CPU
		{AC38E9EF-4230-400F-BC67-724EDBB37C82}.Debug PRO|Any CPU.ActiveCfg = Debug|Any CPU
		{AC38E9EF-4230-400F-BC67-724EDBB37C82}.Debug PRO|Any CPU.Build.0 = Debug|Any CPU
		{AC38E9EF-4230-400F-BC67-724EDBB37C82}.Debug PRO|ARM.ActiveCfg = Debug|Any CPU
		{AC38E9EF-4230-400F-BC67-724EDBB37C82}.Debug PRO|x64.ActiveCfg = Debug|Any CPU
		{AC38E9EF-4230-400F-BC67-724EDBB37C82}.Debug PRO|x86.ActiveCfg = Debug|Any CPU
		{AC38E9EF-4230-400F-BC67-724EDBB37C82}.Debug|Any CPU.ActiveCfg = Debug|Any CPU
		{AC38E9EF-4230-400F-BC67-724EDBB37C82}.Debug|Any CPU.Build.0 = Debug|Any CPU
		{AC38E9EF-4230-400F-BC67-724EDBB37C82}.Debug|ARM.ActiveCfg = Debug|Any CPU
		{AC38E9EF-4230-400F-BC67-724EDBB37C82}.Debug|x64.ActiveCfg = Debug|Any CPU
		{AC38E9EF-4230-400F-BC67-724EDBB37C82}.Debug|x86.ActiveCfg = Debug|Any CPU
		{AC38E9EF-4230-400F-BC67-724EDBB37C82}.Release PRO|Any CPU.ActiveCfg = Release|Any CPU
		{AC38E9EF-4230-400F-BC67-724EDBB37C82}.Release PRO|Any CPU.Build.0 = Release|Any CPU
		{AC38E9EF-4230-400F-BC67-724EDBB37C82}.Release PRO|ARM.ActiveCfg = Release|Any CPU
		{AC38E9EF-4230-400F-BC67-724EDBB37C82}.Release PRO|x64.ActiveCfg = Release|Any CPU
		{AC38E9EF-4230-400F-BC67-724EDBB37C82}.Release PRO|x86.ActiveCfg = Release|Any CPU
		{AC38E9EF-4230-400F-BC67-724EDBB37C82}.Release|Any CPU.ActiveCfg = Release|Any CPU
		{AC38E9EF-4230-400F-BC67-724EDBB37C82}.Release|Any CPU.Build.0 = Release|Any CPU
		{AC38E9EF-4230-400F-BC67-724EDBB37C82}.Release|ARM.ActiveCfg = Release|Any CPU
		{AC38E9EF-4230-400F-BC67-724EDBB37C82}.Release|x64.ActiveCfg = Release|Any CPU
		{AC38E9EF-4230-400F-BC67-724EDBB37C82}.Release|x86.ActiveCfg = Release|Any CPU
		{3F248E7F-B0F1-4DC6-AE02-9DDD108FCE82}.Debug PRO|Any CPU.ActiveCfg = Debug|Any CPU
		{3F248E7F-B0F1-4DC6-AE02-9DDD108FCE82}.Debug PRO|Any CPU.Build.0 = Debug|Any CPU
		{3F248E7F-B0F1-4DC6-AE02-9DDD108FCE82}.Debug PRO|ARM.ActiveCfg = Debug|Any CPU
		{3F248E7F-B0F1-4DC6-AE02-9DDD108FCE82}.Debug PRO|x64.ActiveCfg = Debug|Any CPU
		{3F248E7F-B0F1-4DC6-AE02-9DDD108FCE82}.Debug PRO|x86.ActiveCfg = Debug|Any CPU
		{3F248E7F-B0F1-4DC6-AE02-9DDD108FCE82}.Debug|Any CPU.ActiveCfg = Debug|Any CPU
		{3F248E7F-B0F1-4DC6-AE02-9DDD108FCE82}.Debug|Any CPU.Build.0 = Debug|Any CPU
		{3F248E7F-B0F1-4DC6-AE02-9DDD108FCE82}.Debug|ARM.ActiveCfg = Debug|Any CPU
		{3F248E7F-B0F1-4DC6-AE02-9DDD108FCE82}.Debug|x64.ActiveCfg = Debug|Any CPU
		{3F248E7F-B0F1-4DC6-AE02-9DDD108FCE82}.Debug|x86.ActiveCfg = Debug|Any CPU
		{3F248E7F-B0F1-4DC6-AE02-9DDD108FCE82}.Release PRO|Any CPU.ActiveCfg = Release|Any CPU
		{3F248E7F-B0F1-4DC6-AE02-9DDD108FCE82}.Release PRO|Any CPU.Build.0 = Release|Any CPU
		{3F248E7F-B0F1-4DC6-AE02-9DDD108FCE82}.Release PRO|ARM.ActiveCfg = Release|Any CPU
		{3F248E7F-B0F1-4DC6-AE02-9DDD108FCE82}.Release PRO|x64.ActiveCfg = Release|Any CPU
		{3F248E7F-B0F1-4DC6-AE02-9DDD108FCE82}.Release PRO|x86.ActiveCfg = Release|Any CPU
		{3F248E7F-B0F1-4DC6-AE02-9DDD108FCE82}.Release|Any CPU.ActiveCfg = Release|Any CPU
		{3F248E7F-B0F1-4DC6-AE02-9DDD108FCE82}.Release|Any CPU.Build.0 = Release|Any CPU
		{3F248E7F-B0F1-4DC6-AE02-9DDD108FCE82}.Release|ARM.ActiveCfg = Release|Any CPU
		{3F248E7F-B0F1-4DC6-AE02-9DDD108FCE82}.Release|x64.ActiveCfg = Release|Any CPU
		{3F248E7F-B0F1-4DC6-AE02-9DDD108FCE82}.Release|x86.ActiveCfg = Release|Any CPU
		{1B2D3E17-970C-422B-B1F6-900E7B67446E}.Debug PRO|Any CPU.ActiveCfg = Debug|Any CPU
		{1B2D3E17-970C-422B-B1F6-900E7B67446E}.Debug PRO|Any CPU.Build.0 = Debug|Any CPU
		{1B2D3E17-970C-422B-B1F6-900E7B67446E}.Debug PRO|ARM.ActiveCfg = Debug|Any CPU
		{1B2D3E17-970C-422B-B1F6-900E7B67446E}.Debug PRO|x64.ActiveCfg = Debug|Any CPU
		{1B2D3E17-970C-422B-B1F6-900E7B67446E}.Debug PRO|x86.ActiveCfg = Debug|Any CPU
		{1B2D3E17-970C-422B-B1F6-900E7B67446E}.Debug|Any CPU.ActiveCfg = Debug|Any CPU
		{1B2D3E17-970C-422B-B1F6-900E7B67446E}.Debug|Any CPU.Build.0 = Debug|Any CPU
		{1B2D3E17-970C-422B-B1F6-900E7B67446E}.Debug|ARM.ActiveCfg = Debug|Any CPU
		{1B2D3E17-970C-422B-B1F6-900E7B67446E}.Debug|x64.ActiveCfg = Debug|Any CPU
		{1B2D3E17-970C-422B-B1F6-900E7B67446E}.Debug|x86.ActiveCfg = Debug|Any CPU
		{1B2D3E17-970C-422B-B1F6-900E7B67446E}.Release PRO|Any CPU.ActiveCfg = Release|Any CPU
		{1B2D3E17-970C-422B-B1F6-900E7B67446E}.Release PRO|Any CPU.Build.0 = Release|Any CPU
		{1B2D3E17-970C-422B-B1F6-900E7B67446E}.Release PRO|ARM.ActiveCfg = Release|Any CPU
		{1B2D3E17-970C-422B-B1F6-900E7B67446E}.Release PRO|x64.ActiveCfg = Release|Any CPU
		{1B2D3E17-970C-422B-B1F6-900E7B67446E}.Release PRO|x86.ActiveCfg = Release|Any CPU
		{1B2D3E17-970C-422B-B1F6-900E7B67446E}.Release|Any CPU.ActiveCfg = Release|Any CPU
		{1B2D3E17-970C-422B-B1F6-900E7B67446E}.Release|Any CPU.Build.0 = Release|Any CPU
		{1B2D3E17-970C-422B-B1F6-900E7B67446E}.Release|ARM.ActiveCfg = Release|Any CPU
		{1B2D3E17-970C-422B-B1F6-900E7B67446E}.Release|x64.ActiveCfg = Release|Any CPU
		{1B2D3E17-970C-422B-B1F6-900E7B67446E}.Release|x86.ActiveCfg = Release|Any CPU
		{C0BDE6FB-9270-42B9-AD14-6CC3C915D089}.Debug PRO|Any CPU.ActiveCfg = Debug|Any CPU
		{C0BDE6FB-9270-42B9-AD14-6CC3C915D089}.Debug PRO|Any CPU.Build.0 = Debug|Any CPU
		{C0BDE6FB-9270-42B9-AD14-6CC3C915D089}.Debug PRO|ARM.ActiveCfg = Debug|Any CPU
		{C0BDE6FB-9270-42B9-AD14-6CC3C915D089}.Debug PRO|x64.ActiveCfg = Debug|Any CPU
		{C0BDE6FB-9270-42B9-AD14-6CC3C915D089}.Debug PRO|x86.ActiveCfg = Debug|Any CPU
		{C0BDE6FB-9270-42B9-AD14-6CC3C915D089}.Debug|Any CPU.ActiveCfg = Debug|Any CPU
		{C0BDE6FB-9270-42B9-AD14-6CC3C915D089}.Debug|Any CPU.Build.0 = Debug|Any CPU
		{C0BDE6FB-9270-42B9-AD14-6CC3C915D089}.Debug|ARM.ActiveCfg = Debug|Any CPU
		{C0BDE6FB-9270-42B9-AD14-6CC3C915D089}.Debug|x64.ActiveCfg = Debug|Any CPU
		{C0BDE6FB-9270-42B9-AD14-6CC3C915D089}.Debug|x86.ActiveCfg = Debug|Any CPU
		{C0BDE6FB-9270-42B9-AD14-6CC3C915D089}.Release PRO|Any CPU.ActiveCfg = Release|Any CPU
		{C0BDE6FB-9270-42B9-AD14-6CC3C915D089}.Release PRO|Any CPU.Build.0 = Release|Any CPU
		{C0BDE6FB-9270-42B9-AD14-6CC3C915D089}.Release PRO|ARM.ActiveCfg = Release|Any CPU
		{C0BDE6FB-9270-42B9-AD14-6CC3C915D089}.Release PRO|x64.ActiveCfg = Release|Any CPU
		{C0BDE6FB-9270-42B9-AD14-6CC3C915D089}.Release PRO|x86.ActiveCfg = Release|Any CPU
		{C0BDE6FB-9270-42B9-AD14-6CC3C915D089}.Release|Any CPU.ActiveCfg = Release|Any CPU
		{C0BDE6FB-9270-42B9-AD14-6CC3C915D089}.Release|Any CPU.Build.0 = Release|Any CPU
		{C0BDE6FB-9270-42B9-AD14-6CC3C915D089}.Release|ARM.ActiveCfg = Release|Any CPU
		{C0BDE6FB-9270-42B9-AD14-6CC3C915D089}.Release|x64.ActiveCfg = Release|Any CPU
		{C0BDE6FB-9270-42B9-AD14-6CC3C915D089}.Release|x86.ActiveCfg = Release|Any CPU
		{3D466A01-0201-4158-95BA-7C51D2C3A8DC}.Debug PRO|Any CPU.ActiveCfg = Debug|Any CPU
		{3D466A01-0201-4158-95BA-7C51D2C3A8DC}.Debug PRO|Any CPU.Build.0 = Debug|Any CPU
		{3D466A01-0201-4158-95BA-7C51D2C3A8DC}.Debug PRO|ARM.ActiveCfg = Debug|Any CPU
		{3D466A01-0201-4158-95BA-7C51D2C3A8DC}.Debug PRO|x64.ActiveCfg = Debug|Any CPU
		{3D466A01-0201-4158-95BA-7C51D2C3A8DC}.Debug PRO|x86.ActiveCfg = Debug|Any CPU
		{3D466A01-0201-4158-95BA-7C51D2C3A8DC}.Debug|Any CPU.ActiveCfg = Debug|Any CPU
		{3D466A01-0201-4158-95BA-7C51D2C3A8DC}.Debug|Any CPU.Build.0 = Debug|Any CPU
		{3D466A01-0201-4158-95BA-7C51D2C3A8DC}.Debug|ARM.ActiveCfg = Debug|Any CPU
		{3D466A01-0201-4158-95BA-7C51D2C3A8DC}.Debug|x64.ActiveCfg = Debug|Any CPU
		{3D466A01-0201-4158-95BA-7C51D2C3A8DC}.Debug|x86.ActiveCfg = Debug|Any CPU
		{3D466A01-0201-4158-95BA-7C51D2C3A8DC}.Release PRO|Any CPU.ActiveCfg = Release|Any CPU
		{3D466A01-0201-4158-95BA-7C51D2C3A8DC}.Release PRO|Any CPU.Build.0 = Release|Any CPU
		{3D466A01-0201-4158-95BA-7C51D2C3A8DC}.Release PRO|ARM.ActiveCfg = Release|Any CPU
		{3D466A01-0201-4158-95BA-7C51D2C3A8DC}.Release PRO|x64.ActiveCfg = Release|Any CPU
		{3D466A01-0201-4158-95BA-7C51D2C3A8DC}.Release PRO|x86.ActiveCfg = Release|Any CPU
		{3D466A01-0201-4158-95BA-7C51D2C3A8DC}.Release|Any CPU.ActiveCfg = Release|Any CPU
		{3D466A01-0201-4158-95BA-7C51D2C3A8DC}.Release|Any CPU.Build.0 = Release|Any CPU
		{3D466A01-0201-4158-95BA-7C51D2C3A8DC}.Release|ARM.ActiveCfg = Release|Any CPU
		{3D466A01-0201-4158-95BA-7C51D2C3A8DC}.Release|x64.ActiveCfg = Release|Any CPU
		{3D466A01-0201-4158-95BA-7C51D2C3A8DC}.Release|x86.ActiveCfg = Release|Any CPU
		{0C610E2C-ECC2-4551-AC99-10192F08B85A}.Debug PRO|Any CPU.ActiveCfg = Debug|Any CPU
		{0C610E2C-ECC2-4551-AC99-10192F08B85A}.Debug PRO|Any CPU.Build.0 = Debug|Any CPU
		{0C610E2C-ECC2-4551-AC99-10192F08B85A}.Debug PRO|ARM.ActiveCfg = Debug|Any CPU
		{0C610E2C-ECC2-4551-AC99-10192F08B85A}.Debug PRO|x64.ActiveCfg = Debug|Any CPU
		{0C610E2C-ECC2-4551-AC99-10192F08B85A}.Debug PRO|x86.ActiveCfg = Debug|Any CPU
		{0C610E2C-ECC2-4551-AC99-10192F08B85A}.Debug|Any CPU.ActiveCfg = Debug|Any CPU
		{0C610E2C-ECC2-4551-AC99-10192F08B85A}.Debug|Any CPU.Build.0 = Debug|Any CPU
		{0C610E2C-ECC2-4551-AC99-10192F08B85A}.Debug|ARM.ActiveCfg = Debug|Any CPU
		{0C610E2C-ECC2-4551-AC99-10192F08B85A}.Debug|x64.ActiveCfg = Debug|Any CPU
		{0C610E2C-ECC2-4551-AC99-10192F08B85A}.Debug|x86.ActiveCfg = Debug|Any CPU
		{0C610E2C-ECC2-4551-AC99-10192F08B85A}.Release PRO|Any CPU.ActiveCfg = Release|Any CPU
		{0C610E2C-ECC2-4551-AC99-10192F08B85A}.Release PRO|Any CPU.Build.0 = Release|Any CPU
		{0C610E2C-ECC2-4551-AC99-10192F08B85A}.Release PRO|ARM.ActiveCfg = Release|Any CPU
		{0C610E2C-ECC2-4551-AC99-10192F08B85A}.Release PRO|x64.ActiveCfg = Release|Any CPU
		{0C610E2C-ECC2-4551-AC99-10192F08B85A}.Release PRO|x86.ActiveCfg = Release|Any CPU
		{0C610E2C-ECC2-4551-AC99-10192F08B85A}.Release|Any CPU.ActiveCfg = Release|Any CPU
		{0C610E2C-ECC2-4551-AC99-10192F08B85A}.Release|Any CPU.Build.0 = Release|Any CPU
		{0C610E2C-ECC2-4551-AC99-10192F08B85A}.Release|ARM.ActiveCfg = Release|Any CPU
		{0C610E2C-ECC2-4551-AC99-10192F08B85A}.Release|x64.ActiveCfg = Release|Any CPU
		{0C610E2C-ECC2-4551-AC99-10192F08B85A}.Release|x86.ActiveCfg = Release|Any CPU
		{3D0BBA78-D761-4BEE-AF0D-3EF9CA415D0D}.Debug PRO|Any CPU.ActiveCfg = Debug|Any CPU
		{3D0BBA78-D761-4BEE-AF0D-3EF9CA415D0D}.Debug PRO|Any CPU.Build.0 = Debug|Any CPU
		{3D0BBA78-D761-4BEE-AF0D-3EF9CA415D0D}.Debug PRO|ARM.ActiveCfg = Debug|Any CPU
		{3D0BBA78-D761-4BEE-AF0D-3EF9CA415D0D}.Debug PRO|x64.ActiveCfg = Debug|Any CPU
		{3D0BBA78-D761-4BEE-AF0D-3EF9CA415D0D}.Debug PRO|x86.ActiveCfg = Debug|Any CPU
		{3D0BBA78-D761-4BEE-AF0D-3EF9CA415D0D}.Debug|Any CPU.ActiveCfg = Debug|Any CPU
		{3D0BBA78-D761-4BEE-AF0D-3EF9CA415D0D}.Debug|Any CPU.Build.0 = Debug|Any CPU
		{3D0BBA78-D761-4BEE-AF0D-3EF9CA415D0D}.Debug|ARM.ActiveCfg = Debug|Any CPU
		{3D0BBA78-D761-4BEE-AF0D-3EF9CA415D0D}.Debug|x64.ActiveCfg = Debug|Any CPU
		{3D0BBA78-D761-4BEE-AF0D-3EF9CA415D0D}.Debug|x86.ActiveCfg = Debug|Any CPU
		{3D0BBA78-D761-4BEE-AF0D-3EF9CA415D0D}.Release PRO|Any CPU.ActiveCfg = Release|Any CPU
		{3D0BBA78-D761-4BEE-AF0D-3EF9CA415D0D}.Release PRO|Any CPU.Build.0 = Release|Any CPU
		{3D0BBA78-D761-4BEE-AF0D-3EF9CA415D0D}.Release PRO|ARM.ActiveCfg = Release|Any CPU
		{3D0BBA78-D761-4BEE-AF0D-3EF9CA415D0D}.Release PRO|x64.ActiveCfg = Release|Any CPU
		{3D0BBA78-D761-4BEE-AF0D-3EF9CA415D0D}.Release PRO|x86.ActiveCfg = Release|Any CPU
		{3D0BBA78-D761-4BEE-AF0D-3EF9CA415D0D}.Release|Any CPU.ActiveCfg = Release|Any CPU
		{3D0BBA78-D761-4BEE-AF0D-3EF9CA415D0D}.Release|Any CPU.Build.0 = Release|Any CPU
		{3D0BBA78-D761-4BEE-AF0D-3EF9CA415D0D}.Release|ARM.ActiveCfg = Release|Any CPU
		{3D0BBA78-D761-4BEE-AF0D-3EF9CA415D0D}.Release|x64.ActiveCfg = Release|Any CPU
		{3D0BBA78-D761-4BEE-AF0D-3EF9CA415D0D}.Release|x86.ActiveCfg = Release|Any CPU
		{1CF95AF0-3CDD-4072-B1F6-059AA154B48C}.Debug PRO|Any CPU.ActiveCfg = Debug|Any CPU
		{1CF95AF0-3CDD-4072-B1F6-059AA154B48C}.Debug PRO|Any CPU.Build.0 = Debug|Any CPU
		{1CF95AF0-3CDD-4072-B1F6-059AA154B48C}.Debug PRO|ARM.ActiveCfg = Debug|Any CPU
		{1CF95AF0-3CDD-4072-B1F6-059AA154B48C}.Debug PRO|x64.ActiveCfg = Debug|Any CPU
		{1CF95AF0-3CDD-4072-B1F6-059AA154B48C}.Debug PRO|x86.ActiveCfg = Debug|Any CPU
		{1CF95AF0-3CDD-4072-B1F6-059AA154B48C}.Debug|Any CPU.ActiveCfg = Debug|Any CPU
		{1CF95AF0-3CDD-4072-B1F6-059AA154B48C}.Debug|Any CPU.Build.0 = Debug|Any CPU
		{1CF95AF0-3CDD-4072-B1F6-059AA154B48C}.Debug|ARM.ActiveCfg = Debug|Any CPU
		{1CF95AF0-3CDD-4072-B1F6-059AA154B48C}.Debug|x64.ActiveCfg = Debug|Any CPU
		{1CF95AF0-3CDD-4072-B1F6-059AA154B48C}.Debug|x86.ActiveCfg = Debug|Any CPU
		{1CF95AF0-3CDD-4072-B1F6-059AA154B48C}.Release PRO|Any CPU.ActiveCfg = Release|Any CPU
		{1CF95AF0-3CDD-4072-B1F6-059AA154B48C}.Release PRO|Any CPU.Build.0 = Release|Any CPU
		{1CF95AF0-3CDD-4072-B1F6-059AA154B48C}.Release PRO|ARM.ActiveCfg = Release|Any CPU
		{1CF95AF0-3CDD-4072-B1F6-059AA154B48C}.Release PRO|x64.ActiveCfg = Release|Any CPU
		{1CF95AF0-3CDD-4072-B1F6-059AA154B48C}.Release PRO|x86.ActiveCfg = Release|Any CPU
		{1CF95AF0-3CDD-4072-B1F6-059AA154B48C}.Release|Any CPU.ActiveCfg = Release|Any CPU
		{1CF95AF0-3CDD-4072-B1F6-059AA154B48C}.Release|Any CPU.Build.0 = Release|Any CPU
		{1CF95AF0-3CDD-4072-B1F6-059AA154B48C}.Release|ARM.ActiveCfg = Release|Any CPU
		{1CF95AF0-3CDD-4072-B1F6-059AA154B48C}.Release|x64.ActiveCfg = Release|Any CPU
		{1CF95AF0-3CDD-4072-B1F6-059AA154B48C}.Release|x86.ActiveCfg = Release|Any CPU
		{92FC1240-72C9-4C1F-9805-BC8A5A233FD3}.Debug PRO|Any CPU.ActiveCfg = Debug|Any CPU
		{92FC1240-72C9-4C1F-9805-BC8A5A233FD3}.Debug PRO|Any CPU.Build.0 = Debug|Any CPU
		{92FC1240-72C9-4C1F-9805-BC8A5A233FD3}.Debug PRO|ARM.ActiveCfg = Debug|Any CPU
		{92FC1240-72C9-4C1F-9805-BC8A5A233FD3}.Debug PRO|x64.ActiveCfg = Debug|Any CPU
		{92FC1240-72C9-4C1F-9805-BC8A5A233FD3}.Debug PRO|x86.ActiveCfg = Debug|Any CPU
		{92FC1240-72C9-4C1F-9805-BC8A5A233FD3}.Debug|Any CPU.ActiveCfg = Debug|Any CPU
		{92FC1240-72C9-4C1F-9805-BC8A5A233FD3}.Debug|Any CPU.Build.0 = Debug|Any CPU
		{92FC1240-72C9-4C1F-9805-BC8A5A233FD3}.Debug|ARM.ActiveCfg = Debug|Any CPU
		{92FC1240-72C9-4C1F-9805-BC8A5A233FD3}.Debug|x64.ActiveCfg = Debug|Any CPU
		{92FC1240-72C9-4C1F-9805-BC8A5A233FD3}.Debug|x86.ActiveCfg = Debug|Any CPU
		{92FC1240-72C9-4C1F-9805-BC8A5A233FD3}.Release PRO|Any CPU.ActiveCfg = Release|Any CPU
		{92FC1240-72C9-4C1F-9805-BC8A5A233FD3}.Release PRO|Any CPU.Build.0 = Release|Any CPU
		{92FC1240-72C9-4C1F-9805-BC8A5A233FD3}.Release PRO|ARM.ActiveCfg = Release|Any CPU
		{92FC1240-72C9-4C1F-9805-BC8A5A233FD3}.Release PRO|x64.ActiveCfg = Release|Any CPU
		{92FC1240-72C9-4C1F-9805-BC8A5A233FD3}.Release PRO|x86.ActiveCfg = Release|Any CPU
		{92FC1240-72C9-4C1F-9805-BC8A5A233FD3}.Release|Any CPU.ActiveCfg = Release|Any CPU
		{92FC1240-72C9-4C1F-9805-BC8A5A233FD3}.Release|Any CPU.Build.0 = Release|Any CPU
		{92FC1240-72C9-4C1F-9805-BC8A5A233FD3}.Release|ARM.ActiveCfg = Release|Any CPU
		{92FC1240-72C9-4C1F-9805-BC8A5A233FD3}.Release|x64.ActiveCfg = Release|Any CPU
		{92FC1240-72C9-4C1F-9805-BC8A5A233FD3}.Release|x86.ActiveCfg = Release|Any CPU
		{EDC7FEAC-169D-4511-84BB-21CB3EEB24B6}.Debug PRO|Any CPU.ActiveCfg = Debug|Any CPU
		{EDC7FEAC-169D-4511-84BB-21CB3EEB24B6}.Debug PRO|Any CPU.Build.0 = Debug|Any CPU
		{EDC7FEAC-169D-4511-84BB-21CB3EEB24B6}.Debug PRO|ARM.ActiveCfg = Debug|Any CPU
		{EDC7FEAC-169D-4511-84BB-21CB3EEB24B6}.Debug PRO|x64.ActiveCfg = Debug|Any CPU
		{EDC7FEAC-169D-4511-84BB-21CB3EEB24B6}.Debug PRO|x86.ActiveCfg = Debug|Any CPU
		{EDC7FEAC-169D-4511-84BB-21CB3EEB24B6}.Debug|Any CPU.ActiveCfg = Debug|Any CPU
		{EDC7FEAC-169D-4511-84BB-21CB3EEB24B6}.Debug|Any CPU.Build.0 = Debug|Any CPU
		{EDC7FEAC-169D-4511-84BB-21CB3EEB24B6}.Debug|ARM.ActiveCfg = Debug|Any CPU
		{EDC7FEAC-169D-4511-84BB-21CB3EEB24B6}.Debug|x64.ActiveCfg = Debug|Any CPU
		{EDC7FEAC-169D-4511-84BB-21CB3EEB24B6}.Debug|x86.ActiveCfg = Debug|Any CPU
		{EDC7FEAC-169D-4511-84BB-21CB3EEB24B6}.Release PRO|Any CPU.ActiveCfg = Release|Any CPU
		{EDC7FEAC-169D-4511-84BB-21CB3EEB24B6}.Release PRO|Any CPU.Build.0 = Release|Any CPU
		{EDC7FEAC-169D-4511-84BB-21CB3EEB24B6}.Release PRO|ARM.ActiveCfg = Release|Any CPU
		{EDC7FEAC-169D-4511-84BB-21CB3EEB24B6}.Release PRO|x64.ActiveCfg = Release|Any CPU
		{EDC7FEAC-169D-4511-84BB-21CB3EEB24B6}.Release PRO|x86.ActiveCfg = Release|Any CPU
		{EDC7FEAC-169D-4511-84BB-21CB3EEB24B6}.Release|Any CPU.ActiveCfg = Release|Any CPU
		{EDC7FEAC-169D-4511-84BB-21CB3EEB24B6}.Release|Any CPU.Build.0 = Release|Any CPU
		{EDC7FEAC-169D-4511-84BB-21CB3EEB24B6}.Release|ARM.ActiveCfg = Release|Any CPU
		{EDC7FEAC-169D-4511-84BB-21CB3EEB24B6}.Release|x64.ActiveCfg = Release|Any CPU
		{EDC7FEAC-169D-4511-84BB-21CB3EEB24B6}.Release|x86.ActiveCfg = Release|Any CPU
		{EAE0D6EA-366D-45EA-9650-EA3943F345C7}.Debug PRO|Any CPU.ActiveCfg = Debug|Any CPU
		{EAE0D6EA-366D-45EA-9650-EA3943F345C7}.Debug PRO|Any CPU.Build.0 = Debug|Any CPU
		{EAE0D6EA-366D-45EA-9650-EA3943F345C7}.Debug PRO|ARM.ActiveCfg = Debug|Any CPU
		{EAE0D6EA-366D-45EA-9650-EA3943F345C7}.Debug PRO|x64.ActiveCfg = Debug|Any CPU
		{EAE0D6EA-366D-45EA-9650-EA3943F345C7}.Debug PRO|x86.ActiveCfg = Debug|Any CPU
		{EAE0D6EA-366D-45EA-9650-EA3943F345C7}.Debug|Any CPU.ActiveCfg = Debug|Any CPU
		{EAE0D6EA-366D-45EA-9650-EA3943F345C7}.Debug|Any CPU.Build.0 = Debug|Any CPU
		{EAE0D6EA-366D-45EA-9650-EA3943F345C7}.Debug|ARM.ActiveCfg = Debug|Any CPU
		{EAE0D6EA-366D-45EA-9650-EA3943F345C7}.Debug|x64.ActiveCfg = Debug|Any CPU
		{EAE0D6EA-366D-45EA-9650-EA3943F345C7}.Debug|x86.ActiveCfg = Debug|Any CPU
		{EAE0D6EA-366D-45EA-9650-EA3943F345C7}.Release PRO|Any CPU.ActiveCfg = Release|Any CPU
		{EAE0D6EA-366D-45EA-9650-EA3943F345C7}.Release PRO|Any CPU.Build.0 = Release|Any CPU
		{EAE0D6EA-366D-45EA-9650-EA3943F345C7}.Release PRO|ARM.ActiveCfg = Release|Any CPU
		{EAE0D6EA-366D-45EA-9650-EA3943F345C7}.Release PRO|x64.ActiveCfg = Release|Any CPU
		{EAE0D6EA-366D-45EA-9650-EA3943F345C7}.Release PRO|x86.ActiveCfg = Release|Any CPU
		{EAE0D6EA-366D-45EA-9650-EA3943F345C7}.Release|Any CPU.ActiveCfg = Release|Any CPU
		{EAE0D6EA-366D-45EA-9650-EA3943F345C7}.Release|Any CPU.Build.0 = Release|Any CPU
		{EAE0D6EA-366D-45EA-9650-EA3943F345C7}.Release|ARM.ActiveCfg = Release|Any CPU
		{EAE0D6EA-366D-45EA-9650-EA3943F345C7}.Release|x64.ActiveCfg = Release|Any CPU
		{EAE0D6EA-366D-45EA-9650-EA3943F345C7}.Release|x86.ActiveCfg = Release|Any CPU
		{E1E1AF42-6899-422D-9201-32BEB3C377AE}.Debug PRO|Any CPU.ActiveCfg = Debug|Any CPU
		{E1E1AF42-6899-422D-9201-32BEB3C377AE}.Debug PRO|Any CPU.Build.0 = Debug|Any CPU
		{E1E1AF42-6899-422D-9201-32BEB3C377AE}.Debug PRO|ARM.ActiveCfg = Debug|Any CPU
		{E1E1AF42-6899-422D-9201-32BEB3C377AE}.Debug PRO|x64.ActiveCfg = Debug|Any CPU
		{E1E1AF42-6899-422D-9201-32BEB3C377AE}.Debug PRO|x86.ActiveCfg = Debug|Any CPU
		{E1E1AF42-6899-422D-9201-32BEB3C377AE}.Debug|Any CPU.ActiveCfg = Debug|Any CPU
		{E1E1AF42-6899-422D-9201-32BEB3C377AE}.Debug|Any CPU.Build.0 = Debug|Any CPU
		{E1E1AF42-6899-422D-9201-32BEB3C377AE}.Debug|ARM.ActiveCfg = Debug|Any CPU
		{E1E1AF42-6899-422D-9201-32BEB3C377AE}.Debug|x64.ActiveCfg = Debug|Any CPU
		{E1E1AF42-6899-422D-9201-32BEB3C377AE}.Debug|x86.ActiveCfg = Debug|Any CPU
		{E1E1AF42-6899-422D-9201-32BEB3C377AE}.Release PRO|Any CPU.ActiveCfg = Release|Any CPU
		{E1E1AF42-6899-422D-9201-32BEB3C377AE}.Release PRO|Any CPU.Build.0 = Release|Any CPU
		{E1E1AF42-6899-422D-9201-32BEB3C377AE}.Release PRO|ARM.ActiveCfg = Release|Any CPU
		{E1E1AF42-6899-422D-9201-32BEB3C377AE}.Release PRO|x64.ActiveCfg = Release|Any CPU
		{E1E1AF42-6899-422D-9201-32BEB3C377AE}.Release PRO|x86.ActiveCfg = Release|Any CPU
		{E1E1AF42-6899-422D-9201-32BEB3C377AE}.Release|Any CPU.ActiveCfg = Release|Any CPU
		{E1E1AF42-6899-422D-9201-32BEB3C377AE}.Release|Any CPU.Build.0 = Release|Any CPU
		{E1E1AF42-6899-422D-9201-32BEB3C377AE}.Release|ARM.ActiveCfg = Release|Any CPU
		{E1E1AF42-6899-422D-9201-32BEB3C377AE}.Release|x64.ActiveCfg = Release|Any CPU
		{E1E1AF42-6899-422D-9201-32BEB3C377AE}.Release|x86.ActiveCfg = Release|Any CPU
	EndGlobalSection
	GlobalSection(SolutionProperties) = preSolution
		HideSolutionNode = FALSE
	EndGlobalSection
	GlobalSection(NestedProjects) = preSolution
		{AC38E9EF-4230-400F-BC67-724EDBB37C82} = {7240B8D4-1B96-45C5-A8D3-990FA6A16828}
		{3F248E7F-B0F1-4DC6-AE02-9DDD108FCE82} = {7240B8D4-1B96-45C5-A8D3-990FA6A16828}
		{1B2D3E17-970C-422B-B1F6-900E7B67446E} = {7240B8D4-1B96-45C5-A8D3-990FA6A16828}
		{92FC1240-72C9-4C1F-9805-BC8A5A233FD3} = {2EA0FEC2-E2AB-4095-ACB5-2F0AAB156905}
		{EAE0D6EA-366D-45EA-9650-EA3943F345C7} = {2EA0FEC2-E2AB-4095-ACB5-2F0AAB156905}
		{E1E1AF42-6899-422D-9201-32BEB3C377AE} = {2EA0FEC2-E2AB-4095-ACB5-2F0AAB156905}
	EndGlobalSection
EndGlobal
